{
  "name": "sutroyaro",
  "lockfileVersion": 3,
  "requires": true,
  "packages": {
    "": {
      "name": "sutroyaro",
      "dependencies": {
        "@mtcute/bun": "^0.28.2",
        "@mtcute/tl": "^223.0.0"
      },
      "devDependencies": {
        "@types/bun": "latest"
      },
      "peerDependencies": {
        "typescript": "^5"
      }
    },
    "node_modules/@fuman/bun": {
      "version": "0.0.19",
      "license": "MIT",
      "dependencies": {
        "@fuman/io": "^0.0.19",
        "@fuman/net": "^0.0.19",
        "@fuman/utils": "^0.0.19"
      }
    },
    "node_modules/@fuman/io": {
      "version": "0.0.19",
      "license": "MIT",
      "dependencies": {
        "@fuman/utils": "^0.0.19"
      }
    },
    "node_modules/@fuman/net": {
      "version": "0.0.19",
      "license": "MIT",
      "dependencies": {
        "@fuman/io": "^0.0.19",
        "@fuman/utils": "^0.0.19"
      }
    },
    "node_modules/@fuman/utils": {
      "version": "0.0.19",
      "license": "MIT"
    },
    "node_modules/@mtcute/bun": {
      "version": "0.28.2",
      "license": "MIT",
      "dependencies": {
        "@fuman/bun": "0.0.19",
        "@fuman/io": "0.0.19",
        "@fuman/net": "0.0.19",
        "@fuman/utils": "0.0.19",
        "@mtcute/core": "^0.28.2",
        "@mtcute/html-parser": "^0.28.2",
        "@mtcute/markdown-parser": "^0.28.2",
        "@mtcute/wasm": "^0.27.8"
      }
    },
    "node_modules/@mtcute/core": {
      "version": "0.28.2",
      "license": "MIT",
      "dependencies": {
        "@fuman/io": "0.0.19",
        "@fuman/net": "0.0.19",
        "@fuman/utils": "0.0.19",
        "@mtcute/file-id": "^0.28.2",
        "@mtcute/tl": "^223.0.0",
        "@mtcute/tl-runtime": "^0.24.3",
        "@types/events": "3.0.0",
        "long": "5.2.3"
      }
    },
    "node_modules/@mtcute/file-id": {
      "version": "0.28.2",
      "license": "MIT",
      "dependencies": {
        "@fuman/utils": "0.0.19",
        "@mtcute/tl-runtime": "^0.24.3",
        "long": "5.2.3"
      }
    },
    "node_modules/@mtcute/html-parser": {
      "version": "0.28.2",
      "license": "MIT",
      "dependencies": {
        "@mtcute/core": "^0.28.2",
        "htmlparser2": "^10.0.0",
        "long": "5.2.3"
      }
    },
    "node_modules/@mtcute/markdown-parser": {
      "version": "0.28.2",
      "license": "MIT",
      "dependencies": {
        "@mtcute/core": "^0.28.2",
        "long": "5.2.3"
      }
    },
    "node_modules/@mtcute/tl": {
      "version": "223.0.0",
      "license": "MIT",
      "dependencies": {
        "long": "5.2.3"
      }
    },
    "node_modules/@mtcute/tl-runtime": {
      "version": "0.24.3",
      "license": "MIT",
      "dependencies": {
        "@fuman/utils": "0.0.15",
        "long": "5.2.3"
      }
    },
    "node_modules/@mtcute/tl-runtime/node_modules/@fuman/utils": {
      "version": "0.0.15",
      "license": "MIT"
    },
    "node_modules/@mtcute/wasm": {
      "version": "0.27.8",
      "license": "MIT"
    },
    "node_modules/@types/bun": {
      "version": "1.3.10",
      "resolved": "https://registry.npmjs.org/@types/bun/-/bun-1.3.10.tgz",
      "integrity": "sha512-0+rlrUrOrTSskibryHbvQkDOWRJwJZqZlxrUs1u4oOoTln8+WIXBPmAuCF35SWB2z4Zl3E84Nl/D0P7803nigQ==",
      "dev": true,
      "license": "MIT",
      "dependencies": {
        "bun-types": "1.3.10"
      }
    },
    "node_modules/@types/events": {
      "version": "3.0.0",
      "license": "MIT"
    },
    "node_modules/@types/node": {
      "version": "25.3.5",
      "dev": true,
      "license": "MIT",
      "dependencies": {
        "undici-types": "~7.18.0"
      }
    },
    "node_modules/bun-types": {
      "version": "1.3.10",
      "dev": true,
      "license": "MIT",
      "dependencies": {
        "@types/node": "*"
      }
    },
    "node_modules/dom-serializer": {
      "version": "2.0.0",
      "license": "MIT",
      "dependencies": {
        "domelementtype": "^2.3.0",
        "domhandler": "^5.0.2",
        "entities": "^4.2.0"
      },
      "funding": {
        "url": "https://github.com/cheeriojs/dom-serializer?sponsor=1"
      }
    },
    "node_modules/dom-serializer/node_modules/entities": {
      "version": "4.5.0",
      "license": "BSD-2-Clause",
      "engines": {
        "node": ">=0.12"
      },
      "funding": {
        "url": "https://github.com/fb55/entities?sponsor=1"
      }
    },
    "node_modules/domelementtype": {
      "version": "2.3.0",
      "funding": [
        {
          "type": "github",
          "url": "https://github.com/sponsors/fb55"
        }
      ],
      "license": "BSD-2-Clause"
    },
    "node_modules/domhandler": {
      "version": "5.0.3",
      "license": "BSD-2-Clause",
      "dependencies": {
        "domelementtype": "^2.3.0"
      },
      "engines": {
        "node": ">= 4"
      },
      "funding": {
        "url": "https://github.com/fb55/domhandler?sponsor=1"
      }
    },
    "node_modules/domutils": {
      "version": "3.2.2",
      "license": "BSD-2-Clause",
      "dependencies": {
        "dom-serializer": "^2.0.0",
        "domelementtype": "^2.3.0",
        "domhandler": "^5.0.3"
      },
      "funding": {
        "url": "https://github.com/fb55/domutils?sponsor=1"
      }
    },
    "node_modules/entities": {
      "version": "7.0.1",
      "license": "BSD-2-Clause",
      "engines": {
        "node": ">=0.12"
      },
      "funding": {
        "url": "https://github.com/fb55/entities?sponsor=1"
      }
    },
    "node_modules/htmlparser2": {
      "version": "10.1.0",
      "funding": [
        "https://github.com/fb55/htmlparser2?sponsor=1",
        {
          "type": "github",
          "url": "https://github.com/sponsors/fb55"
        }
      ],
      "license": "MIT",
      "dependencies": {
        "domelementtype": "^2.3.0",
        "domhandler": "^5.0.3",
        "domutils": "^3.2.2",
        "entities": "^7.0.1"
      }
    },
    "node_modules/long": {
      "version": "5.2.3",
      "license": "Apache-2.0"
    },
    "node_modules/typescript": {
      "version": "5.9.3",
      "license": "Apache-2.0",
      "peer": true,
      "bin": {
        "tsc": "bin/tsc",
        "tsserver": "bin/tsserver"
      },
      "engines": {
        "node": ">=14.17"
      }
    },
    "node_modules/undici-types": {
      "version": "7.18.2",
      "dev": true,
      "license": "MIT"
    }
  }
}
